{
  "originHash" : "5a42386395d22e0b0dca14ace2d7c556d84136191f0eadab5868a7279343cc16",
  "pins" : [
    {
      "identity" : "breez-sdk-spark-swift",
      "kind" : "remoteSourceControl",
      "location" : "https://github.com/breez/breez-sdk-spark-swift",
      "state" : {
        "revision" : "5ec711596e508538fd078110bf618a3d4f7c5c9f",
        "version" : "0.23.1"
      }
    },
    {
      "identity" : "objectbox-swift-spm",
      "kind" : "remoteSourceControl",
      "location" : "https://github.com/objectbox/objectbox-swift-spm",
      "state" : {
        "revision" : "ba5a488104918b95bb5ac1793d028be7dc70483d",
        "version" : "5.2.0"
      }
    },
    {
      "identity" : "swift-bigint",
      "kind" : "remoteSourceControl",
      "location" : "https://github.com/mkrd/Swift-BigInt.git",
      "state" : {
        "revision" : "7e2117797cd1b608303cc2da1a3a2263cc4e7727",
        "version" : "2.4.0"
      }
    },
    {
      "identity" : "swift-secp256k1",
      "kind" : "remoteSourceControl",
      "location" : "https://github.com/21-DOT-DEV/swift-secp256k1",
      "state" : {
        "revision" : "21d46dd1d11737b77d15bd23468f989b24bc7f40",
        "version" : "0.23.0"
      }
    }
  ],
  "version" : 3
}
